
Microsoft Visual Studio Solution File, Format Version 12.00
# Visual Studio 2013
VisualStudioVersion = 12.0.40629.0
MinimumVisualStudioVersion = 10.0.40219.1
Project("{2150E333-8FDC-42A3-9474-1A3956D46DE8}") = "eureka", "eureka", "{1AF159D5-0ED8-45DD-8B85-EE78823572C8}"
EndProject
Project("{E24C65DC-7377-472B-9ABA-BC803B73C61A}") = "eurekapop", "http://localhost:58845", "{F1822D1C-18D4-4C53-AC07-8CB592325C46}"
	ProjectSection(WebsiteProperties) = preProject
		UseIISExpress = "true"
		TargetFrameworkMoniker = ".NETFramework,Version%3Dv4.0"
		Debug.AspNetCompiler.VirtualPath = "/localhost_58845"
		Debug.AspNetCompiler.PhysicalPath = "..\eurekapop\"
		Debug.AspNetCompiler.TargetPath = "PrecompiledWeb\localhost_58845\"
		Debug.AspNetCompiler.Updateable = "true"
		Debug.AspNetCompiler.ForceOverwrite = "true"
		Debug.AspNetCompiler.FixedNames = "false"
		Debug.AspNetCompiler.Debug = "True"
		Release.AspNetCompiler.VirtualPath = "/localhost_58845"
		Release.AspNetCompiler.PhysicalPath = "..\eurekapop\"
		Release.AspNetCompiler.TargetPath = "PrecompiledWeb\localhost_58845\"
		Release.AspNetCompiler.Updateable = "true"
		Release.AspNetCompiler.ForceOverwrite = "true"
		Release.AspNetCompiler.FixedNames = "false"
		Release.AspNetCompiler.Debug = "False"
		SlnRelativePath = "..\eurekapop\"
	EndProjectSection
EndProject
Global
	GlobalSection(SolutionConfigurationPlatforms) = preSolution
		Debug|Any CPU = Debug|Any CPU
	EndGlobalSection
	GlobalSection(ProjectConfigurationPlatforms) = postSolution
		{F1822D1C-18D4-4C53-AC07-8CB592325C46}.Debug|Any CPU.ActiveCfg = Debug|Any CPU
		{F1822D1C-18D4-4C53-AC07-8CB592325C46}.Debug|Any CPU.Build.0 = Debug|Any CPU
	EndGlobalSection
	GlobalSection(SolutionProperties) = preSolution
		HideSolutionNode = FALSE
	EndGlobalSection
	GlobalSection(NestedProjects) = preSolution
		{F1822D1C-18D4-4C53-AC07-8CB592325C46} = {1AF159D5-0ED8-45DD-8B85-EE78823572C8}
	EndGlobalSection
EndGlobal
